// !$*UTF8*$!
{
	archiveVersion = 1;
	classes = {
	};
	objectVersion = 50;
	objects = {

/* Begin PBXBuildFile section */
		C11701C825CA4060000F4EB4 /* ImagePicker.swift in Sources */ = {isa = PBXBuildFile; fileRef = C11701C725CA4060000F4EB4 /* ImagePicker.swift */; };
		C11DB4BC25B28D1200AEA247 /* AnimatableSystemFontModifier.swift in Sources */ = {isa = PBXBuildFile; fileRef = C11DB4BB25B28D1200AEA247 /* AnimatableSystemFontModifier.swift */; };
		C11F499225B37D85007A4C9D /* OptionalImage.swift in Sources */ = {isa = PBXBuildFile; fileRef = C11F499125B37D85007A4C9D /* OptionalImage.swift */; };
		C14AC56125BA0A8E00133F36 /* PaletteChooser.swift in Sources */ = {isa = PBXBuildFile; fileRef = C14AC56025BA0A8E00133F36 /* PaletteChooser.swift */; };
		C14AC56925BA0C7700133F36 /* EmojiArtDocumentPalette.swift in Sources */ = {isa = PBXBuildFile; fileRef = C14AC56825BA0C7700133F36 /* EmojiArtDocumentPalette.swift */; };
		C18C702125ABC8D300D108A3 /* EmojiArtApp.swift in Sources */ = {isa = PBXBuildFile; fileRef = C18C702025ABC8D300D108A3 /* EmojiArtApp.swift */; };
		C18C702325ABC8D300D108A3 /* EmojiArtDocumentView.swift in Sources */ = {isa = PBXBuildFile; fileRef = C18C702225ABC8D300D108A3 /* EmojiArtDocumentView.swift */; };
		C18C702525ABC8D600D108A3 /* Assets.xcassets in Resources */ = {isa = PBXBuildFile; fileRef = C18C702425ABC8D600D108A3 /* Assets.xcassets */; };
		C18C702825ABC8D600D108A3 /* Preview Assets.xcassets in Resources */ = {isa = PBXBuildFile; fileRef = C18C702725ABC8D600D108A3 /* Preview Assets.xcassets */; };
		C18CFA5025B8BBD000011EEA /* Spinning.swift in Sources */ = {isa = PBXBuildFile; fileRef = C18CFA4F25B8BBD000011EEA /* Spinning.swift */; };
		C18D8AE425ABCBD00048D027 /* EmojiArtDocument.swift in Sources */ = {isa = PBXBuildFile; fileRef = C18D8AE325ABCBD00048D027 /* EmojiArtDocument.swift */; };
		C1CAD7AB25BE359600ACEDFA /* Array+Identifiable.swift in Sources */ = {isa = PBXBuildFile; fileRef = C1CAD7AA25BE359600ACEDFA /* Array+Identifiable.swift */; };
		C1F462EF25BBB060004D37E4 /* GridLayout.swift in Sources */ = {isa = PBXBuildFile; fileRef = C1F462ED25BBB060004D37E4 /* GridLayout.swift */; };
		C1F462F025BBB060004D37E4 /* Grid.swift in Sources */ = {isa = PBXBuildFile; fileRef = C1F462EE25BBB060004D37E4 /* Grid.swift */; };
		C1F462F425BBBA0E004D37E4 /* EmojiArtDocumentStore.swift in Sources */ = {isa = PBXBuildFile; fileRef = C1F462F225BBBA0E004D37E4 /* EmojiArtDocumentStore.swift */; };
		C1F462F525BBBA0E004D37E4 /* EditableText.swift in Sources */ = {isa = PBXBuildFile; fileRef = C1F462F325BBBA0E004D37E4 /* EditableText.swift */; };
		C1F462F825BBBE00004D37E4 /* EmojiArtDocumentChooser.swift in Sources */ = {isa = PBXBuildFile; fileRef = C1F462F725BBBE00004D37E4 /* EmojiArtDocumentChooser.swift */; };
		C1FB0C3025ABD2200049531E /* EmojiArt.swift in Sources */ = {isa = PBXBuildFile; fileRef = C1FB0C2F25ABD2200049531E /* EmojiArt.swift */; };
		C1FB0C3325ABD7D90049531E /* EmojiArtExtensions.swift in Sources */ = {isa = PBXBuildFile; fileRef = C1FB0C3225ABD7D90049531E /* EmojiArtExtensions.swift */; };
/* End PBXBuildFile section */

/* Begin PBXFileReference section */
		C11701C725CA4060000F4EB4 /* ImagePicker.swift */ = {isa = PBXFileReference; lastKnownFileType = sourcecode.swift; path = ImagePicker.swift; sourceTree = "<group>"; };
		C11DB4BB25B28D1200AEA247 /* AnimatableSystemFontModifier.swift */ = {isa = PBXFileReference; fileEncoding = 4; lastKnownFileType = sourcecode.swift; path = AnimatableSystemFontModifier.swift; sourceTree = "<group>"; };
		C11F499125B37D85007A4C9D /* OptionalImage.swift */ = {isa = PBXFileReference; lastKnownFileType = sourcecode.swift; path = OptionalImage.swift; sourceTree = "<group>"; };
		C14AC56025BA0A8E00133F36 /* PaletteChooser.swift */ = {isa = PBXFileReference; lastKnownFileType = sourcecode.swift; path = PaletteChooser.swift; sourceTree = "<group>"; };
		C14AC56825BA0C7700133F36 /* EmojiArtDocumentPalette.swift */ = {isa = PBXFileReference; fileEncoding = 4; lastKnownFileType = sourcecode.swift; path = EmojiArtDocumentPalette.swift; sourceTree = "<group>"; };
		C18C701D25ABC8D300D108A3 /* EmojiArt.app */ = {isa = PBXFileReference; explicitFileType = wrapper.application; includeInIndex = 0; path = EmojiArt.app; sourceTree = BUILT_PRODUCTS_DIR; };
		C18C702025ABC8D300D108A3 /* EmojiArtApp.swift */ = {isa = PBXFileReference; lastKnownFileType = sourcecode.swift; path = EmojiArtApp.swift; sourceTree = "<group>"; };
		C18C702225ABC8D300D108A3 /* EmojiArtDocumentView.swift */ = {isa = PBXFileReference; lastKnownFileType = sourcecode.swift; path = EmojiArtDocumentView.swift; sourceTree = "<group>"; };
		C18C702425ABC8D600D108A3 /* Assets.xcassets */ = {isa = PBXFileReference; lastKnownFileType = folder.assetcatalog; path = Assets.xcassets; sourceTree = "<group>"; };
		C18C702725ABC8D600D108A3 /* Preview Assets.xcassets */ = {isa = PBXFileReference; lastKnownFileType = folder.assetcatalog; path = "Preview Assets.xcassets"; sourceTree = "<group>"; };
		C18C702925ABC8D600D108A3 /* Info.plist */ = {isa = PBXFileReference; lastKnownFileType = text.plist.xml; path = Info.plist; sourceTree = "<group>"; };
		C18CFA4F25B8BBD000011EEA /* Spinning.swift */ = {isa = PBXFileReference; lastKnownFileType = sourcecode.swift; path = Spinning.swift; sourceTree = "<group>"; };
		C18D8AE325ABCBD00048D027 /* EmojiArtDocument.swift */ = {isa = PBXFileReference; lastKnownFileType = sourcecode.swift; path = EmojiArtDocument.swift; sourceTree = "<group>"; };
		C1CAD7AA25BE359600ACEDFA /* Array+Identifiable.swift */ = {isa = PBXFileReference; fileEncoding = 4; lastKnownFileType = sourcecode.swift; path = "Array+Identifiable.swift"; sourceTree = "<group>"; };
		C1F462ED25BBB060004D37E4 /* GridLayout.swift */ = {isa = PBXFileReference; fileEncoding = 4; lastKnownFileType = sourcecode.swift; path = GridLayout.swift; sourceTree = "<group>"; };
		C1F462EE25BBB060004D37E4 /* Grid.swift */ = {isa = PBXFileReference; fileEncoding = 4; lastKnownFileType = sourcecode.swift; path = Grid.swift; sourceTree = "<group>"; };
		C1F462F225BBBA0E004D37E4 /* EmojiArtDocumentStore.swift */ = {isa = PBXFileReference; fileEncoding = 4; lastKnownFileType = sourcecode.swift; path = EmojiArtDocumentStore.swift; sourceTree = "<group>"; };
		C1F462F325BBBA0E004D37E4 /* EditableText.swift */ = {isa = PBXFileReference; fileEncoding = 4; lastKnownFileType = sourcecode.swift; path = EditableText.swift; sourceTree = "<group>"; };
		C1F462F725BBBE00004D37E4 /* EmojiArtDocumentChooser.swift */ = {isa = PBXFileReference; lastKnownFileType = sourcecode.swift; path = EmojiArtDocumentChooser.swift; sourceTree = "<group>"; };
		C1FB0C2F25ABD2200049531E /* EmojiArt.swift */ = {isa = PBXFileReference; lastKnownFileType = sourcecode.swift; path = EmojiArt.swift; sourceTree = "<group>"; };
		C1FB0C3225ABD7D90049531E /* EmojiArtExtensions.swift */ = {isa = PBXFileReference; fileEncoding = 4; lastKnownFileType = sourcecode.swift; path = EmojiArtExtensions.swift; sourceTree = "<group>"; };
/* End PBXFileReference section */

/* Begin PBXFrameworksBuildPhase section */
		C18C701A25ABC8D300D108A3 /* Frameworks */ = {
			isa = PBXFrameworksBuildPhase;
			buildActionMask = 2147483647;
			files = (
			);
			runOnlyForDeploymentPostprocessing = 0;
		};
/* End PBXFrameworksBuildPhase section */

/* Begin PBXGroup section */
		C18C701425ABC8D300D108A3 = {
			isa = PBXGroup;
			children = (
				C18C701F25ABC8D300D108A3 /* EmojiArt */,
				C18C701E25ABC8D300D108A3 /* Products */,
			);
			sourceTree = "<group>";
		};
		C18C701E25ABC8D300D108A3 /* Products */ = {
			isa = PBXGroup;
			children = (
				C18C701D25ABC8D300D108A3 /* EmojiArt.app */,
			);
			name = Products;
			sourceTree = "<group>";
		};
		C18C701F25ABC8D300D108A3 /* EmojiArt */ = {
			isa = PBXGroup;
			children = (
				C18C702025ABC8D300D108A3 /* EmojiArtApp.swift */,
				C14AC56025BA0A8E00133F36 /* PaletteChooser.swift */,
				C1F462F325BBBA0E004D37E4 /* EditableText.swift */,
				C1F462F225BBBA0E004D37E4 /* EmojiArtDocumentStore.swift */,
				C1CAD7AA25BE359600ACEDFA /* Array+Identifiable.swift */,
				C1F462EE25BBB060004D37E4 /* Grid.swift */,
				C1F462ED25BBB060004D37E4 /* GridLayout.swift */,
				C14AC56825BA0C7700133F36 /* EmojiArtDocumentPalette.swift */,
				C1F462F725BBBE00004D37E4 /* EmojiArtDocumentChooser.swift */,
				C18C702225ABC8D300D108A3 /* EmojiArtDocumentView.swift */,
				C11701C725CA4060000F4EB4 /* ImagePicker.swift */,
				C11F499125B37D85007A4C9D /* OptionalImage.swift */,
				C11DB4BB25B28D1200AEA247 /* AnimatableSystemFontModifier.swift */,
				C18CFA4F25B8BBD000011EEA /* Spinning.swift */,
				C1FB0C2F25ABD2200049531E /* EmojiArt.swift */,
				C18D8AE325ABCBD00048D027 /* EmojiArtDocument.swift */,
				C1FB0C3225ABD7D90049531E /* EmojiArtExtensions.swift */,
				C18C702425ABC8D600D108A3 /* Assets.xcassets */,
				C18C702925ABC8D600D108A3 /* Info.plist */,
				C18C702625ABC8D600D108A3 /* Preview Content */,
			);
			path = EmojiArt;
			sourceTree = "<group>";
		};
		C18C702625ABC8D600D108A3 /* Preview Content */ = {
			isa = PBXGroup;
			children = (
				C18C702725ABC8D600D108A3 /* Preview Assets.xcassets */,
			);
			path = "Preview Content";
			sourceTree = "<group>";
		};
/* End PBXGroup section */

/* Begin PBXNativeTarget section */
		C18C701C25ABC8D300D108A3 /* EmojiArt */ = {
			isa = PBXNativeTarget;
			buildConfigurationList = C18C702C25ABC8D600D108A3 /* Build configuration list for PBXNativeTarget "EmojiArt" */;
			buildPhases = (
				C18C701925ABC8D300D108A3 /* Sources */,
				C18C701A25ABC8D300D108A3 /* Frameworks */,
				C18C701B25ABC8D300D108A3 /* Resources */,
			);
			buildRules = (
			);
			dependencies = (
			);
			name = EmojiArt;
			productName = EmojiArt;
			productReference = C18C701D25ABC8D300D108A3 /* EmojiArt.app */;
			productType = "com.apple.product-type.application";
		};
/* End PBXNativeTarget section */

/* Begin PBXProject section */
		C18C701525ABC8D300D108A3 /* Project object */ = {
			isa = PBXProject;
			attributes = {
				LastSwiftUpdateCheck = 1230;
				LastUpgradeCheck = 1230;
				TargetAttributes = {
					C18C701C25ABC8D300D108A3 = {
						CreatedOnToolsVersion = 12.3;
					};
				};
			};
			buildConfigurationList = C18C701825ABC8D300D108A3 /* Build configuration list for PBXProject "EmojiArt" */;
			compatibilityVersion = "Xcode 9.3";
			developmentRegion = en;
			hasScannedForEncodings = 0;
			knownRegions = (
				en,
				Base,
			);
			mainGroup = C18C701425ABC8D300D108A3;
			productRefGroup = C18C701E25ABC8D300D108A3 /* Products */;
			projectDirPath = "";
			projectRoot = "";
			targets = (
				C18C701C25ABC8D300D108A3 /* EmojiArt */,
			);
		};
/* End PBXProject section */

/* Begin PBXResourcesBuildPhase section */
		C18C701B25ABC8D300D108A3 /* Resources */ = {
			isa = PBXResourcesBuildPhase;
			buildActionMask = 2147483647;
			files = (
				C18C702825ABC8D600D108A3 /* Preview Assets.xcassets in Resources */,
				C18C702525ABC8D600D108A3 /* Assets.xcassets in Resources */,
			);
			runOnlyForDeploymentPostprocessing = 0;
		};
/* End PBXResourcesBuildPhase section */

/* Begin PBXSourcesBuildPhase section */
		C18C701925ABC8D300D108A3 /* Sources */ = {
			isa = PBXSourcesBuildPhase;
			buildActionMask = 2147483647;
			files = (
				C1FB0C3025ABD2200049531E /* EmojiArt.swift in Sources */,
				C1FB0C3325ABD7D90049531E /* EmojiArtExtensions.swift in Sources */,
				C18C702325ABC8D300D108A3 /* EmojiArtDocumentView.swift in Sources */,
				C11701C825CA4060000F4EB4 /* ImagePicker.swift in Sources */,
				C18D8AE425ABCBD00048D027 /* EmojiArtDocument.swift in Sources */,
				C11DB4BC25B28D1200AEA247 /* AnimatableSystemFontModifier.swift in Sources */,
				C14AC56925BA0C7700133F36 /* EmojiArtDocumentPalette.swift in Sources */,
				C11F499225B37D85007A4C9D /* OptionalImage.swift in Sources */,
				C18C702125ABC8D300D108A3 /* EmojiArtApp.swift in Sources */,
				C18CFA5025B8BBD000011EEA /* Spinning.swift in Sources */,
				C1F462F425BBBA0E004D37E4 /* EmojiArtDocumentStore.swift in Sources */,
				C1F462F525BBBA0E004D37E4 /* EditableText.swift in Sources */,
				C1F462F825BBBE00004D37E4 /* EmojiArtDocumentChooser.swift in Sources */,
				C14AC56125BA0A8E00133F36 /* PaletteChooser.swift in Sources */,
				C1CAD7AB25BE359600ACEDFA /* Array+Identifiable.swift in Sources */,
				C1F462EF25BBB060004D37E4 /* GridLayout.swift in Sources */,
				C1F462F025BBB060004D37E4 /* Grid.swift in Sources */,
			);
			runOnlyForDeploymentPostprocessing = 0;
		};
/* End PBXSourcesBuildPhase section */

/* Begin XCBuildConfiguration section */
		C18C702A25ABC8D600D108A3 /* Debug */ = {
			isa = XCBuildConfiguration;
			buildSettings = {
				ALWAYS_SEARCH_USER_PATHS = NO;
				CLANG_ANALYZER_NONNULL = YES;
				CLANG_ANALYZER_NUMBER_OBJECT_CONVERSION = YES_AGGRESSIVE;
				CLANG_CXX_LANGUAGE_STANDARD = "gnu++14";
				CLANG_CXX_LIBRARY = "libc++";
				CLANG_ENABLE_MODULES = YES;
				CLANG_ENABLE_OBJC_ARC = YES;
				CLANG_ENABLE_OBJC_WEAK = YES;
				CLANG_WARN_BLOCK_CAPTURE_AUTORELEASING = YES;
				CLANG_WARN_BOOL_CONVERSION = YES;
				CLANG_WARN_COMMA = YES;
				CLANG_WARN_CONSTANT_CONVERSION = YES;
				CLANG_WARN_DEPRECATED_OBJC_IMPLEMENTATIONS = YES;
				CLANG_WARN_DIRECT_OBJC_ISA_USAGE = YES_ERROR;
				CLANG_WARN_DOCUMENTATION_COMMENTS = YES;
				CLANG_WARN_EMPTY_BODY = YES;
				CLANG_WARN_ENUM_CONVERSION = YES;
				CLANG_WARN_INFINITE_RECURSION = YES;
				CLANG_WARN_INT_CONVERSION = YES;
				CLANG_WARN_NON_LITERAL_NULL_CONVERSION = YES;
				CLANG_WARN_OBJC_IMPLICIT_RETAIN_SELF = YES;
				CLANG_WARN_OBJC_LITERAL_CONVERSION = YES;
				CLANG_WARN_OBJC_ROOT_CLASS = YES_ERROR;
				CLANG_WARN_QUOTED_INCLUDE_IN_FRAMEWORK_HEADER = YES;
				CLANG_WARN_RANGE_LOOP_ANALYSIS = YES;
				CLANG_WARN_STRICT_PROTOTYPES = YES;
				CLANG_WARN_SUSPICIOUS_MOVE = YES;
				CLANG_WARN_UNGUARDED_AVAILABILITY = YES_AGGRESSIVE;
				CLANG_WARN_UNREACHABLE_CODE = YES;
				CLANG_WARN__DUPLICATE_METHOD_MATCH = YES;
				COPY_PHASE_STRIP = NO;
				DEBUG_INFORMATION_FORMAT = dwarf;
				ENABLE_STRICT_OBJC_MSGSEND = YES;
				ENABLE_TESTABILITY = YES;
				GCC_C_LANGUAGE_STANDARD = gnu11;
				GCC_DYNAMIC_NO_PIC = NO;
				GCC_NO_COMMON_BLOCKS = YES;
				GCC_OPTIMIZATION_LEVEL = 0;
				GCC_PREPROCESSOR_DEFINITIONS = (
					"DEBUG=1",
					"$(inherited)",
				);
				GCC_WARN_64_TO_32_BIT_CONVERSION = YES;
				GCC_WARN_ABOUT_RETURN_TYPE = YES_ERROR;
				GCC_WARN_UNDECLARED_SELECTOR = YES;
				GCC_WARN_UNINITIALIZED_AUTOS = YES_AGGRESSIVE;
				GCC_WARN_UNUSED_FUNCTION = YES;
				GCC_WARN_UNUSED_VARIABLE = YES;
				IPHONEOS_DEPLOYMENT_TARGET = 14.3;
				MTL_ENABLE_DEBUG_INFO = INCLUDE_SOURCE;
				MTL_FAST_MATH = YES;
				ONLY_ACTIVE_ARCH = YES;
				SDKROOT = iphoneos;
				SWIFT_ACTIVE_COMPILATION_CONDITIONS = DEBUG;
				SWIFT_OPTIMIZATION_LEVEL = "-Onone";
			};
			name = Debug;
		};
		C18C702B25ABC8D600D108A3 /* Release */ = {
			isa = XCBuildConfiguration;
			buildSettings = {
				ALWAYS_SEARCH_USER_PATHS = NO;
				CLANG_ANALYZER_NONNULL = YES;
				CLANG_ANALYZER_NUMBER_OBJECT_CONVERSION = YES_AGGRESSIVE;
				CLANG_CXX_LANGUAGE_STANDARD = "gnu++14";
				CLANG_CXX_LIBRARY = "libc++";
				CLANG_ENABLE_MODULES = YES;
				CLANG_ENABLE_OBJC_ARC = YES;
				CLANG_ENABLE_OBJC_WEAK = YES;
				CLANG_WARN_BLOCK_CAPTURE_AUTORELEASING = YES;
				CLANG_WARN_BOOL_CONVERSION = YES;
				CLANG_WARN_COMMA = YES;
				CLANG_WARN_CONSTANT_CONVERSION = YES;
				CLANG_WARN_DEPRECATED_OBJC_IMPLEMENTATIONS = YES;
				CLANG_WARN_DIRECT_OBJC_ISA_USAGE = YES_ERROR;
				CLANG_WARN_DOCUMENTATION_COMMENTS = YES;
				CLANG_WARN_EMPTY_BODY = YES;
				CLANG_WARN_ENUM_CONVERSION = YES;
				CLANG_WARN_INFINITE_RECURSION = YES;
				CLANG_WARN_INT_CONVERSION = YES;
				CLANG_WARN_NON_LITERAL_NULL_CONVERSION = YES;
				CLANG_WARN_OBJC_IMPLICIT_RETAIN_SELF = YES;
				CLANG_WARN_OBJC_LITERAL_CONVERSION = YES;
				CLANG_WARN_OBJC_ROOT_CLASS = YES_ERROR;
				CLANG_WARN_QUOTED_INCLUDE_IN_FRAMEWORK_HEADER = YES;
				CLANG_WARN_RANGE_LOOP_ANALYSIS = YES;
				CLANG_WARN_STRICT_PROTOTYPES = YES;
				CLANG_WARN_SUSPICIOUS_MOVE = YES;
				CLANG_WARN_UNGUARDED_AVAILABILITY = YES_AGGRESSIVE;
				CLANG_WARN_UNREACHABLE_CODE = YES;
				CLANG_WARN__DUPLICATE_METHOD_MATCH = YES;
				COPY_PHASE_STRIP = NO;
				DEBUG_INFORMATION_FORMAT = "dwarf-with-dsym";
				ENABLE_NS_ASSERTIONS = NO;
				ENABLE_STRICT_OBJC_MSGSEND = YES;
				GCC_C_LANGUAGE_STANDARD = gnu11;
				GCC_NO_COMMON_BLOCKS = YES;
				GCC_WARN_64_TO_32_BIT_CONVERSION = YES;
				GCC_WARN_ABOUT_RETURN_TYPE = YES_ERROR;
				GCC_WARN_UNDECLARED_SELECTOR = YES;
				GCC_WARN_UNINITIALIZED_AUTOS = YES_AGGRESSIVE;
				GCC_WARN_UNUSED_FUNCTION = YES;
				GCC_WARN_UNUSED_VARIABLE = YES;
				IPHONEOS_DEPLOYMENT_TARGET = 14.3;
				MTL_ENABLE_DEBUG_INFO = NO;
				MTL_FAST_MATH = YES;
				SDKROOT = iphoneos;
				SWIFT_COMPILATION_MODE = wholemodule;
				SWIFT_OPTIMIZATION_LEVEL = "-O";
				VALIDATE_PRODUCT = YES;
			};
			name = Release;
		};
		C18C702D25ABC8D600D108A3 /* Debug */ = {
			isa = XCBuildConfiguration;
			buildSettings = {
				ASSETCATALOG_COMPILER_APPICON_NAME = AppIcon;
				ASSETCATALOG_COMPILER_GLOBAL_ACCENT_COLOR_NAME = AccentColor;
				CODE_SIGN_STYLE = Automatic;
				DEVELOPMENT_ASSET_PATHS = "\"EmojiArt/Preview Content\"";
				DEVELOPMENT_TEAM = DFDCS22GK9;
				ENABLE_PREVIEWS = YES;
				INFOPLIST_FILE = EmojiArt/Info.plist;
				IPHONEOS_DEPLOYMENT_TARGET = 14.0;
				LD_RUNPATH_SEARCH_PATHS = (
					"$(inherited)",
					"@executable_path/Frameworks",
				);
				PRODUCT_BUNDLE_IDENTIFIER = "gn02.nguyen-gmail.com.EmojiArt";
				PRODUCT_NAME = "$(TARGET_NAME)";
				SWIFT_VERSION = 5.0;
				TARGETED_DEVICE_FAMILY = "1,2";
			};
			name = Debug;
		};
		C18C702E25ABC8D600D108A3 /* Release */ = {
			isa = XCBuildConfiguration;
			buildSettings = {
				ASSETCATALOG_COMPILER_APPICON_NAME = AppIcon;
				ASSETCATALOG_COMPILER_GLOBAL_ACCENT_COLOR_NAME = AccentColor;
				CODE_SIGN_STYLE = Automatic;
				DEVELOPMENT_ASSET_PATHS = "\"EmojiArt/Preview Content\"";
				DEVELOPMENT_TEAM = DFDCS22GK9;
				ENABLE_PREVIEWS = YES;
				INFOPLIST_FILE = EmojiArt/Info.plist;
				IPHONEOS_DEPLOYMENT_TARGET = 14.0;
				LD_RUNPATH_SEARCH_PATHS = (
					"$(inherited)",
					"@executable_path/Frameworks",
				);
				PRODUCT_BUNDLE_IDENTIFIER = "gn02.nguyen-gmail.com.EmojiArt";
				PRODUCT_NAME = "$(TARGET_NAME)";
				SWIFT_VERSION = 5.0;
				TARGETED_DEVICE_FAMILY = "1,2";
			};
			name = Release;
		};
/* End XCBuildConfiguration section */

/* Begin XCConfigurationList section */
		C18C701825ABC8D300D108A3 /* Build configuration list for PBXProject "EmojiArt" */ = {
			isa = XCConfigurationList;
			buildConfigurations = (
				C18C702A25ABC8D600D108A3 /* Debug */,
				C18C702B25ABC8D600D108A3 /* Release */,
			);
			defaultConfigurationIsVisible = 0;
			defaultConfigurationName = Release;
		};
		C18C702C25ABC8D600D108A3 /* Build configuration list for PBXNativeTarget "EmojiArt" */ = {
			isa = XCConfigurationList;
			buildConfigurations = (
				C18C702D25ABC8D600D108A3 /* Debug */,
				C18C702E25ABC8D600D108A3 /* Release */,
			);
			defaultConfigurationIsVisible = 0;
			defaultConfigurationName = Release;
		};
/* End XCConfigurationList section */
	};
	rootObject = C18C701525ABC8D300D108A3 /* Project object */;
}
